Microsoft Visual Studio Solution File, Format Version 11.00
# Visual Studio 2008

Project("{0FC7FE78-E431-969B-4534-007789B6DFAC}") = "Tank Project", "Assembly-CSharp-firstpass.csproj", "{DF272F92-ECC0-38A5-5F83-A3E2355319CB}"
EndProject
Project("{0FC7FE78-E431-969B-4534-007789B6DFAC}") = "Tank Project", "Assembly-CSharp.csproj", "{C5895005-1B6B-A514-3595-91AFBC67E605}"
EndProject
Project("{0FC7FE78-E431-969B-4534-007789B6DFAC}") = "Tank Project", "Assembly-UnityScript-firstpass.unityproj", "{CCA64314-2A42-5A65-C3A9-24979EE74EC5}"
EndProject
Global
	GlobalSection(SolutionConfigurationPlatforms) = preSolution
		Debug|Any CPU = Debug|Any CPU
		Release|Any CPU = Release|Any CPU
	EndGlobalSection
	GlobalSection(ProjectConfigurationPlatforms) = postSolution
		{DF272F92-ECC0-38A5-5F83-A3E2355319CB}.Debug|Any CPU.ActiveCfg = Debug|Any CPU
		{DF272F92-ECC0-38A5-5F83-A3E2355319CB}.Debug|Any CPU.Build.0 = Debug|Any CPU
		{DF272F92-ECC0-38A5-5F83-A3E2355319CB}.Release|Any CPU.ActiveCfg = Release|Any CPU
		{DF272F92-ECC0-38A5-5F83-A3E2355319CB}.Release|Any CPU.Build.0 = Release|Any CPU
		{C5895005-1B6B-A514-3595-91AFBC67E605}.Debug|Any CPU.ActiveCfg = Debug|Any CPU
		{C5895005-1B6B-A514-3595-91AFBC67E605}.Debug|Any CPU.Build.0 = Debug|Any CPU
		{C5895005-1B6B-A514-3595-91AFBC67E605}.Release|Any CPU.ActiveCfg = Release|Any CPU
		{C5895005-1B6B-A514-3595-91AFBC67E605}.Release|Any CPU.Build.0 = Release|Any CPU
		{CCA64314-2A42-5A65-C3A9-24979EE74EC5}.Debug|Any CPU.ActiveCfg = Debug|Any CPU
		{CCA64314-2A42-5A65-C3A9-24979EE74EC5}.Debug|Any CPU.Build.0 = Debug|Any CPU
		{CCA64314-2A42-5A65-C3A9-24979EE74EC5}.Release|Any CPU.ActiveCfg = Release|Any CPU
		{CCA64314-2A42-5A65-C3A9-24979EE74EC5}.Release|Any CPU.Build.0 = Release|Any CPU
	EndGlobalSection
	GlobalSection(SolutionProperties) = preSolution
		HideSolutionNode = FALSE
	EndGlobalSection
																																																				GlobalSection(MonoDevelopProperties) = preSolution
		StartupItem = Assembly-CSharp.csproj
		Policies = $0
		$0.TextStylePolicy = $1
		$1.inheritsSet = null
		$1.scope = text/x-csharp
		$0.CSharpFormattingPolicy = $2
		$2.inheritsSet = Mono
		$2.inheritsScope = text/x-csharp
		$2.scope = text/x-csharp
		$0.TextStylePolicy = $3
		$3.FileWidth = 120
		$3.TabWidth = 4
		$3.EolMarker = Unix
		$3.inheritsSet = Mono
		$3.inheritsScope = text/plain
		$3.scope = text/plain
	EndGlobalSection

EndGlobal
